{
  "name": "komodo-pr-deploy",
  "lockfileVersion": 3,
  "requires": true,
  "packages": {
    "": {
      "dependencies": {
        "dotenv": "^17.2.0",
        "komodo_client": "^1.18.4"
      }
    },
    "node_modules/dotenv": {
      "version": "17.3.1",
      "resolved": "https://registry.npmjs.org/dotenv/-/dotenv-17.3.1.tgz",
      "integrity": "sha512-IO8C/dzEb6O3F9/twg6ZLXz164a2fhTnEWb95H23Dm4OuN+92NmEAlTrupP9VW6Jm3sO26tQlqyvyi4CsnY9GA==",
      "license": "BSD-2-Clause",
      "engines": {
        "node": ">=12"
      },
      "funding": {
        "url": "https://dotenvx.com"
      }
    },
    "node_modules/komodo_client": {
      "version": "1.19.5",
      "resolved": "https://registry.npmjs.org/komodo_client/-/komodo_client-1.19.5.tgz",
      "integrity": "sha512-cavOe3Y9wpx2wNgF2f5NyK2c+ndwUaXx16v4IK7IxCyM71YH8kNaRJdgYkFpouxjKWLWbP/bhv8cI7Dznl76Ow==",
      "license": "GPL-3.0"
    }
  }
}
