{
  "name": "komodo-pr-deploy",
  "lockfileVersion": 3,
  "requires": true,
  "packages": {
    "": {
      "dependencies": {
        "dotenv": "^17.2.0",
        "komodo_client": "^2.0.0"
      }
    },
    "node_modules/dotenv": {
      "version": "17.4.2",
      "resolved": "https://registry.npmjs.org/dotenv/-/dotenv-17.4.2.tgz",
      "integrity": "sha512-nI4U3TottKAcAD9LLud4Cb7b2QztQMUEfHbvhTH09bqXTxnSie8WnjPALV/WMCrJZ6UV/qHJ6L03OqO3LcdYZw==",
      "license": "BSD-2-Clause",
      "engines": {
        "node": ">=12"
      },
      "funding": {
        "url": "https://dotenvx.com"
      }
    },
    "node_modules/jwt-decode": {
      "version": "4.0.0",
      "resolved": "https://registry.npmjs.org/jwt-decode/-/jwt-decode-4.0.0.tgz",
      "integrity": "sha512-+KJGIyHgkGuIq3IEBNftfhW/LfWhXUIY6OmyVWjliu5KH1y0fw7VQ8YndE2O4qZdMSd9SqbnC8GOcZEy0Om7sA==",
      "license": "MIT",
      "engines": {
        "node": ">=18"
      }
    },
    "node_modules/komodo_client": {
      "version": "2.3.2",
      "resolved": "https://registry.npmjs.org/komodo_client/-/komodo_client-2.3.2.tgz",
      "integrity": "sha512-t/RQdFvIjphu+Sj7TA25Q6bj+y6ULpPHE/WD4TcBDf82KkVmYCJbX9EkTJaisakSeG/PUvLmu1pg2aAeP4N9PQ==",
      "license": "GPL-3.0",
      "dependencies": {
        "mogh_auth_client": "^1.7.1"
      }
    },
    "node_modules/mogh_auth_client": {
      "version": "1.7.1",
      "resolved": "https://registry.npmjs.org/mogh_auth_client/-/mogh_auth_client-1.7.1.tgz",
      "integrity": "sha512-IWT7ET5QmqNGqrGgNy4oyF4LMb1TeLXQhDw6AXzd5S/WfWC9JJx7xjnIdJFqXpl3zoZ+va773RrPB5ufGPkVVQ==",
      "license": "MPL-2.0",
      "dependencies": {
        "jwt-decode": "^4.0.0"
      }
    }
  }
}
